<?xml version="1.0" encoding="utf-8"?>
<Project ToolsVersion="4.0" xmlns="http://schemas.microsoft.com/developer/msbuild/2003">
  <ItemGroup>
    <Filter Include="Source Files">
      <UniqueIdentifier>{4FC737F1-C7A5-4376-A066-2A32D752A2FF}</UniqueIdentifier>
      <Extensions>cpp;c;cc;cxx;def;odl;idl;hpj;bat;asm;asmx</Extensions>
    </Filter>
    <Filter Include="Header Files">
      <UniqueIdentifier>{93995380-89BD-4b04-88EB-625FBE52EBFB}</UniqueIdentifier>
      <Extensions>h;hh;hpp;hxx;hm;inl;inc;xsd</Extensions>
    </Filter>
    <Filter Include="Objects">
      <UniqueIdentifier>{2b046016-e6b5-4ad4-95a5-fb4f2fe1a53b}</UniqueIdentifier>
    </Filter>
    <Filter Include="Managers">
      <UniqueIdentifier>{bd65b7cc-1bf5-441f-8385-827449039a2e}</UniqueIdentifier>
    </Filter>
    <Filter Include="Resource Files">
      <UniqueIdentifier>{67DA6AB6-F800-4c08-8B7A-83BB121AAD01}</UniqueIdentifier>
      <Extensions>rc;ico;cur;bmp;dlg;rc2;rct;bin;rgs;gif;jpg;jpeg;jpe;resx;tiff;tif;png;wav;mfcribbon-ms</Extensions>
    </Filter>
  </ItemGroup>
  <ItemGroup>
    <ClCompile Include="..\src\main.cpp">
      <Filter>Source Files</Filter>
    </ClCompile>
    <ClCompile Include="..\src\Game.cpp">
      <Filter>Source Files</Filter>
    </ClCompile>
    <ClCompile Include="..\src\GameObject.cpp">
      <Filter>Source Files</Filter>
    </ClCompile>
    <ClCompile Include="..\src\Map.cpp">
      <Filter>Source Files</Filter>
    </ClCompile>
    <ClCompile Include="..\src\FSM.cpp">
      <Filter>Source Files</Filter>
    </ClCompile>
    <ClCompile Include="..\src\CollisionManager.cpp">
      <Filter>Managers</Filter>
    </ClCompile>
    <ClCompile Include="..\src\Bomb.cpp">
      <Filter>Objects</Filter>
    </ClCompile>
    <ClCompile Include="..\src\Wall.cpp">
      <Filter>Objects</Filter>
    </ClCompile>
    <ClCompile Include="..\src\SoundManager.cpp">
      <Filter>Managers</Filter>
    </ClCompile>
    <ClCompile Include="..\src\TextureManager.cpp">
      <Filter>Managers</Filter>
    </ClCompile>
    <ClCompile Include="..\src\Player.cpp">
      <Filter>Objects</Filter>
    </ClCompile>
    <ClCompile Include="..\src\Explosion.cpp">
      <Filter>Objects</Filter>
    </ClCompile>
    <ClCompile Include="..\src\Enemy.cpp">
      <Filter>Objects</Filter>
    </ClCompile>
    <ClCompile Include="..\src\UIManager.cpp">
      <Filter>Managers</Filter>
    </ClCompile>
    <ClCompile Include="..\src\Powerup.cpp">
      <Filter>Objects</Filter>
    </ClCompile>
    <ClCompile Include="..\src\Hole.cpp">
      <Filter>Objects</Filter>
    </ClCompile>
    <ClCompile Include="..\..\..\..\BombsAway\BombsAway\src\Door.cpp">
      <Filter>Objects</Filter>
    </ClCompile>
  </ItemGroup>
  <ItemGroup>
    <ClInclude Include="..\src\Game.h">
      <Filter>Header Files</Filter>
    </ClInclude>
    <ClInclude Include="..\src\GameObject.h">
      <Filter>Header Files</Filter>
    </ClInclude>
    <ClInclude Include="..\src\Map.h">
      <Filter>Header Files</Filter>
    </ClInclude>
    <ClInclude Include="..\src\FSM.h">
      <Filter>Header Files</Filter>
    </ClInclude>
    <ClInclude Include="..\src\CollisionManager.h">
      <Filter>Managers</Filter>
    </ClInclude>
    <ClInclude Include="..\src\TextureManager.h">
      <Filter>Managers</Filter>
    </ClInclude>
    <ClInclude Include="..\src\Bomb.h">
      <Filter>Objects</Filter>
    </ClInclude>
    <ClInclude Include="..\src\Wall.h">
      <Filter>Objects</Filter>
    </ClInclude>
    <ClInclude Include="..\src\Player.h">
      <Filter>Objects</Filter>
    </ClInclude>
    <ClInclude Include="..\src\SoundManager.h">
      <Filter>Managers</Filter>
    </ClInclude>
    <ClInclude Include="..\src\Explosion.h">
      <Filter>Objects</Filter>
    </ClInclude>
    <ClInclude Include="..\src\Enemy.h">
      <Filter>Objects</Filter>
    </ClInclude>
    <ClInclude Include="..\src\StateType.h">
      <Filter>Managers</Filter>
    </ClInclude>
    <ClInclude Include="..\src\UIManager.h">
      <Filter>Managers</Filter>
    </ClInclude>
    <ClInclude Include="..\src\Powerup.h">
      <Filter>Objects</Filter>
    </ClInclude>
    <ClInclude Include="..\src\GameObjectType.h">
      <Filter>Managers</Filter>
    </ClInclude>
    <ClInclude Include="..\src\Hole.h">
      <Filter>Objects</Filter>
    </ClInclude>
    <ClInclude Include="..\..\..\..\BombsAway\BombsAway\src\Door.h">
      <Filter>Objects</Filter>
    </ClInclude>
  </ItemGroup>
  <ItemGroup>
    <Image Include="..\Assets\textures\Title.png">
      <Filter>Resource Files</Filter>
    </Image>
    <Image Include="..\Assets\textures\Pause.png">
      <Filter>Resource Files</Filter>
    </Image>
  </ItemGroup>
</Project>